<Solution>
  <Folder Name="/01-02.Basics/">
    <Project Path="Overview/Overview.csproj" />
    <Project Path="Threads/Threads.csproj" Id="6920530b-8df3-42e2-9808-6d931b4f7946" />
  </Folder>
  <Folder Name="/03-06.AsyncBasics/">
    <Project Path="TaskAPI/TaskAPI.csproj" Id="29331b8f-c9ce-4d89-ad6d-c8758f207648" />
  </Folder>
</Solution>
