<Solution>
  <Folder Name="/01-02.Basics/">
    <Project Path="Overview/Overview.csproj" />
    <Project Path="Threads/Threads.csproj" Id="6920530b-8df3-42e2-9808-6d931b4f7946" />
  </Folder>
  <Folder Name="/03-06.AsyncBasics/">
    <Project Path="AsyncAwait/AsyncAwait.csproj" Id="1ce74a8e-dbb6-4c6c-bbee-493891f7d63a" />
    <Project Path="CancellationToken.WebApi.Demo/CancellationToken.WebApi.Demo.csproj" Id="0fa48aaa-f937-47db-bcd7-49ec777a69ca" />
    <Project Path="CancellationToken/CancellationToken.csproj" Id="f2d1e1ed-1be9-4806-95ed-8b18688d7681" />
    <Project Path="SyncContext.Winform/SyncContext.Winform.csproj" Id="f9464693-b239-468a-a0a2-a202c3848945" />
    <Project Path="SyncContext/SyncContext.csproj" Id="5f712768-fa12-449b-9ae8-862896e26298" />
    <Project Path="TaskAPI/TaskAPI.csproj" Id="29331b8f-c9ce-4d89-ad6d-c8758f207648" />
  </Folder>
  <Folder Name="/07-09.AsyncAdvanced/">
    <Project Path="BestPractices/BestPractices.csproj" Id="cac39776-9aa9-4949-badd-0c9b7bbae37e" />
    <Project Path="ExceptionHandling/ExceptionHandling.csproj" Id="651eae45-95e1-476e-bc12-266829fa2d29" />
    <Project Path="MemoryLeaks/MemoryLeaks.csproj" Id="3b5c2f2c-3cbf-4bd5-b185-9002618daba4" />
  </Folder>
  <Folder Name="/10-14.ParallelAndSync/">
    <Project Path="AsyncLocalDemo/AsyncLocalDemo.csproj" Id="7b0404a5-35c4-49e2-bddb-e3cd59a6aea2" />
    <Project Path="ConcurrentCollections/ConcurrentCollections.csproj" Id="f7c8d756-d582-467c-b295-907d3ae65468" />
    <Project Path="LockFree/LockFree.csproj" Id="3ce0cd0c-256d-4bde-b593-a4443fa48476" />
    <Project Path="Locks/Locks.csproj" Id="3eff61df-d93c-40f4-adcb-24872e5a8440" />
    <Project Path="Parallel-PLinq/Parallel_PLinq.csproj" Id="282cf81a-5c95-4ea7-bf7b-d081690e3835" />
    <Project Path="ThreadLocal_AsyncLocal/ThreadLocal_AsyncLocal.csproj" Id="dc9e22bb-ddd4-4fe2-b9fa-bdfb2a1b1067" />
  </Folder>
  <Folder Name="/15-17.AdvancedPatterns/">
    <Project Path="AsyncEnumerable/AsyncEnumerable.csproj" Id="4312d9e7-0fde-4da9-8d5b-a66e507ad730" />
    <Project Path="BackgroundService/BackgroundService.csproj" Id="41541245-83b6-4b8b-bba2-63c797795c21" />
    <Project Path="Dataflow/Dataflow.csproj" Id="51d1b08e-fcfe-4c2e-affa-f950cc9c32ec" />
  </Folder>
  <Folder Name="/18-21.DiagnosticsAndPractice/">
    <Project Path="RateLimiting/RateLimiting.csproj" Id="8300be64-72d0-4370-ab7f-b448183f3974" />
  </Folder>
</Solution>
